
Microsoft Visual Studio Solution File, Format Version 12.00
# Visual Studio Version 17
VisualStudioVersion = 17.6.33723.286
MinimumVisualStudioVersion = 10.0.40219.1
Project("{8BC9CEB8-8B4A-11D0-8D11-00A0C91BC942}") = "test_6_12", "test_6_12\test_6_12.vcxproj", "{72004407-BCFE-4C66-996B-78107E60E608}"
EndProject
Global
	GlobalSection(SolutionConfigurationPlatforms) = preSolution
		Debug|x64 = Debug|x64
		Debug|x86 = Debug|x86
		Release|x64 = Release|x64
		Release|x86 = Release|x86
	EndGlobalSection
	GlobalSection(ProjectConfigurationPlatforms) = postSolution
		{72004407-BCFE-4C66-996B-78107E60E608}.Debug|x64.ActiveCfg = Debug|x64
		{72004407-BCFE-4C66-996B-78107E60E608}.Debug|x64.Build.0 = Debug|x64
		{72004407-BCFE-4C66-996B-78107E60E608}.Debug|x86.ActiveCfg = Debug|Win32
		{72004407-BCFE-4C66-996B-78107E60E608}.Debug|x86.Build.0 = Debug|Win32
		{72004407-BCFE-4C66-996B-78107E60E608}.Release|x64.ActiveCfg = Release|x64
		{72004407-BCFE-4C66-996B-78107E60E608}.Release|x64.Build.0 = Release|x64
		{72004407-BCFE-4C66-996B-78107E60E608}.Release|x86.ActiveCfg = Release|Win32
		{72004407-BCFE-4C66-996B-78107E60E608}.Release|x86.Build.0 = Release|Win32
	EndGlobalSection
	GlobalSection(SolutionProperties) = preSolution
		HideSolutionNode = FALSE
	EndGlobalSection
	GlobalSection(ExtensibilityGlobals) = postSolution
		SolutionGuid = {6074C2B9-3240-4CC1-8FE7-738CBC6D0196}
	EndGlobalSection
EndGlobal
